
Microsoft Visual Studio Solution File, Format Version 12.00
# Visual Studio Version 16
VisualStudioVersion = 16.0.28803.202
MinimumVisualStudioVersion = 10.0.40219.1
Project("{FAE04EC0-301F-11D3-BF4B-00C04F79EFBC}") = "Base control OOP", "Base control OOP\Base control OOP.csproj", "{C4692DA5-9B16-4908-9282-5AA28D287954}"
EndProject
Global
	GlobalSection(SolutionConfigurationPlatforms) = preSolution
		Debug|Any CPU = Debug|Any CPU
		Release|Any CPU = Release|Any CPU
	EndGlobalSection
	GlobalSection(ProjectConfigurationPlatforms) = postSolution
		{C4692DA5-9B16-4908-9282-5AA28D287954}.Debug|Any CPU.ActiveCfg = Debug|Any CPU
		{C4692DA5-9B16-4908-9282-5AA28D287954}.Debug|Any CPU.Build.0 = Debug|Any CPU
		{C4692DA5-9B16-4908-9282-5AA28D287954}.Release|Any CPU.ActiveCfg = Release|Any CPU
		{C4692DA5-9B16-4908-9282-5AA28D287954}.Release|Any CPU.Build.0 = Release|Any CPU
	EndGlobalSection
	GlobalSection(SolutionProperties) = preSolution
		HideSolutionNode = FALSE
	EndGlobalSection
	GlobalSection(ExtensibilityGlobals) = postSolution
		SolutionGuid = {F0029530-8F38-460B-9F90-00F8A95B7AE1}
	EndGlobalSection
EndGlobal
